// !$*UTF8*$!
{
	archiveVersion = 1;
	classes = {
	};
	objectVersion = 48;
	objects = {

/* Begin PBXBuildFile section */
		AC001C2120B055CB00E52BFB /* AppDelegate.swift in Sources */ = {isa = PBXBuildFile; fileRef = AC001C2020B055CB00E52BFB /* AppDelegate.swift */; };
		AC001C2320B055CB00E52BFB /* ViewController.swift in Sources */ = {isa = PBXBuildFile; fileRef = AC001C2220B055CB00E52BFB /* ViewController.swift */; };
		AC001C2620B055CB00E52BFB /* Main.storyboard in Resources */ = {isa = PBXBuildFile; fileRef = AC001C2420B055CB00E52BFB /* Main.storyboard */; };
		AC001C2820B055CB00E52BFB /* Assets.xcassets in Resources */ = {isa = PBXBuildFile; fileRef = AC001C2720B055CB00E52BFB /* Assets.xcassets */; };
		AC001C2B20B055CB00E52BFB /* LaunchScreen.storyboard in Resources */ = {isa = PBXBuildFile; fileRef = AC001C2920B055CB00E52BFB /* LaunchScreen.storyboard */; };
/* End PBXBuildFile section */

/* Begin PBXFileReference section */
		AC001C1D20B055CB00E52BFB /* ScrollViewZib.app */ = {isa = PBXFileReference; explicitFileType = wrapper.application; includeInIndex = 0; path = ScrollViewZib.app; sourceTree = BUILT_PRODUCTS_DIR; };
		AC001C2020B055CB00E52BFB /* AppDelegate.swift */ = {isa = PBXFileReference; lastKnownFileType = sourcecode.swift; path = AppDelegate.swift; sourceTree = "<group>"; };
		AC001C2220B055CB00E52BFB /* ViewController.swift */ = {isa = PBXFileReference; lastKnownFileType = sourcecode.swift; path = ViewController.swift; sourceTree = "<group>"; };
		AC001C2520B055CB00E52BFB /* Base */ = {isa = PBXFileReference; lastKnownFileType = file.storyboard; name = Base; path = Base.lproj/Main.storyboard; sourceTree = "<group>"; };
		AC001C2720B055CB00E52BFB /* Assets.xcassets */ = {isa = PBXFileReference; lastKnownFileType = folder.assetcatalog; path = Assets.xcassets; sourceTree = "<group>"; };
		AC001C2A20B055CB00E52BFB /* Base */ = {isa = PBXFileReference; lastKnownFileType = file.storyboard; name = Base; path = Base.lproj/LaunchScreen.storyboard; sourceTree = "<group>"; };
		AC001C2C20B055CB00E52BFB /* Info.plist */ = {isa = PBXFileReference; lastKnownFileType = text.plist.xml; path = Info.plist; sourceTree = "<group>"; };
/* End PBXFileReference section */

/* Begin PBXFrameworksBuildPhase section */
		AC001C1A20B055CB00E52BFB /* Frameworks */ = {
			isa = PBXFrameworksBuildPhase;
			buildActionMask = 2147483647;
			files = (
			);
			runOnlyForDeploymentPostprocessing = 0;
		};
/* End PBXFrameworksBuildPhase section */

/* Begin PBXGroup section */
		AC001C1420B055CB00E52BFB = {
			isa = PBXGroup;
			children = (
				AC001C1F20B055CB00E52BFB /* ScrollViewZib */,
				AC001C1E20B055CB00E52BFB /* Products */,
			);
			sourceTree = "<group>";
		};
		AC001C1E20B055CB00E52BFB /* Products */ = {
			isa = PBXGroup;
			children = (
				AC001C1D20B055CB00E52BFB /* ScrollViewZib.app */,
			);
			name = Products;
			sourceTree = "<group>";
		};
		AC001C1F20B055CB00E52BFB /* ScrollViewZib */ = {
			isa = PBXGroup;
			children = (
				AC001C2020B055CB00E52BFB /* AppDelegate.swift */,
				AC001C2220B055CB00E52BFB /* ViewController.swift */,
				AC001C2420B055CB00E52BFB /* Main.storyboard */,
				AC001C2720B055CB00E52BFB /* Assets.xcassets */,
				AC001C2920B055CB00E52BFB /* LaunchScreen.storyboard */,
				AC001C2C20B055CB00E52BFB /* Info.plist */,
			);
			path = ScrollViewZib;
			sourceTree = "<group>";
		};
/* End PBXGroup section */

/* Begin PBXNativeTarget section */
		AC001C1C20B055CB00E52BFB /* ScrollViewZib */ = {
			isa = PBXNativeTarget;
			buildConfigurationList = AC001C2F20B055CB00E52BFB /* Build configuration list for PBXNativeTarget "ScrollViewZib" */;
			buildPhases = (
				AC001C1920B055CB00E52BFB /* Sources */,
				AC001C1A20B055CB00E52BFB /* Frameworks */,
				AC001C1B20B055CB00E52BFB /* Resources */,
			);
			buildRules = (
			);
			dependencies = (
			);
			name = ScrollViewZib;
			productName = ScrollViewZib;
			productReference = AC001C1D20B055CB00E52BFB /* ScrollViewZib.app */;
			productType = "com.apple.product-type.application";
		};
/* End PBXNativeTarget section */

/* Begin PBXProject section */
		AC001C1520B055CB00E52BFB /* Project object */ = {
			isa = PBXProject;
			attributes = {
				LastSwiftUpdateCheck = 0920;
				LastUpgradeCheck = 0920;
				ORGANIZATIONNAME = br.com.fiap;
				TargetAttributes = {
					AC001C1C20B055CB00E52BFB = {
						CreatedOnToolsVersion = 9.2;
						ProvisioningStyle = Automatic;
					};
				};
			};
			buildConfigurationList = AC001C1820B055CB00E52BFB /* Build configuration list for PBXProject "ScrollViewZib" */;
			compatibilityVersion = "Xcode 8.0";
			developmentRegion = en;
			hasScannedForEncodings = 0;
			knownRegions = (
				en,
				Base,
			);
			mainGroup = AC001C1420B055CB00E52BFB;
			productRefGroup = AC001C1E20B055CB00E52BFB /* Products */;
			projectDirPath = "";
			projectRoot = "";
			targets = (
				AC001C1C20B055CB00E52BFB /* ScrollViewZib */,
			);
		};
/* End PBXProject section */

/* Begin PBXResourcesBuildPhase section */
		AC001C1B20B055CB00E52BFB /* Resources */ = {
			isa = PBXResourcesBuildPhase;
			buildActionMask = 2147483647;
			files = (
				AC001C2B20B055CB00E52BFB /* LaunchScreen.storyboard in Resources */,
				AC001C2820B055CB00E52BFB /* Assets.xcassets in Resources */,
				AC001C2620B055CB00E52BFB /* Main.storyboard in Resources */,
			);
			runOnlyForDeploymentPostprocessing = 0;
		};
/* End PBXResourcesBuildPhase section */

/* Begin PBXSourcesBuildPhase section */
		AC001C1920B055CB00E52BFB /* Sources */ = {
			isa = PBXSourcesBuildPhase;
			buildActionMask = 2147483647;
			files = (
				AC001C2320B055CB00E52BFB /* ViewController.swift in Sources */,
				AC001C2120B055CB00E52BFB /* AppDelegate.swift in Sources */,
			);
			runOnlyForDeploymentPostprocessing = 0;
		};
/* End PBXSourcesBuildPhase section */

/* Begin PBXVariantGroup section */
		AC001C2420B055CB00E52BFB /* Main.storyboard */ = {
			isa = PBXVariantGroup;
			children = (
				AC001C2520B055CB00E52BFB /* Base */,
			);
			name = Main.storyboard;
			sourceTree = "<group>";
		};
		AC001C2920B055CB00E52BFB /* LaunchScreen.storyboard */ = {
			isa = PBXVariantGroup;
			children = (
				AC001C2A20B055CB00E52BFB /* Base */,
			);
			name = LaunchScreen.storyboard;
			sourceTree = "<group>";
		};
/* End PBXVariantGroup section */

/* Begin XCBuildConfiguration section */
		AC001C2D20B055CB00E52BFB /* Debug */ = {
			isa = XCBuildConfiguration;
			buildSettings = {
				ALWAYS_SEARCH_USER_PATHS = NO;
				CLANG_ANALYZER_NONNULL = YES;
				CLANG_ANALYZER_NUMBER_OBJECT_CONVERSION = YES_AGGRESSIVE;
				CLANG_CXX_LANGUAGE_STANDARD = "gnu++14";
				CLANG_CXX_LIBRARY = "libc++";
				CLANG_ENABLE_MODULES = YES;
				CLANG_ENABLE_OBJC_ARC = YES;
				CLANG_WARN_BLOCK_CAPTURE_AUTORELEASING = YES;
				CLANG_WARN_BOOL_CONVERSION = YES;
				CLANG_WARN_COMMA = YES;
				CLANG_WARN_CONSTANT_CONVERSION = YES;
				CLANG_WARN_DIRECT_OBJC_ISA_USAGE = YES_ERROR;
				CLANG_WARN_DOCUMENTATION_COMMENTS = YES;
				CLANG_WARN_EMPTY_BODY = YES;
				CLANG_WARN_ENUM_CONVERSION = YES;
				CLANG_WARN_INFINITE_RECURSION = YES;
				CLANG_WARN_INT_CONVERSION = YES;
				CLANG_WARN_NON_LITERAL_NULL_CONVERSION = YES;
				CLANG_WARN_OBJC_LITERAL_CONVERSION = YES;
				CLANG_WARN_OBJC_ROOT_CLASS = YES_ERROR;
				CLANG_WARN_RANGE_LOOP_ANALYSIS = YES;
				CLANG_WARN_STRICT_PROTOTYPES = YES;
				CLANG_WARN_SUSPICIOUS_MOVE = YES;
				CLANG_WARN_UNGUARDED_AVAILABILITY = YES_AGGRESSIVE;
				CLANG_WARN_UNREACHABLE_CODE = YES;
				CLANG_WARN__DUPLICATE_METHOD_MATCH = YES;
				CODE_SIGN_IDENTITY = "iPhone Developer";
				COPY_PHASE_STRIP = NO;
				DEBUG_INFORMATION_FORMAT = dwarf;
				ENABLE_STRICT_OBJC_MSGSEND = YES;
				ENABLE_TESTABILITY = YES;
				GCC_C_LANGUAGE_STANDARD = gnu11;
				GCC_DYNAMIC_NO_PIC = NO;
				GCC_NO_COMMON_BLOCKS = YES;
				GCC_OPTIMIZATION_LEVEL = 0;
				GCC_PREPROCESSOR_DEFINITIONS = (
					"DEBUG=1",
					"$(inherited)",
				);
				GCC_WARN_64_TO_32_BIT_CONVERSION = YES;
				GCC_WARN_ABOUT_RETURN_TYPE = YES_ERROR;
				GCC_WARN_UNDECLARED_SELECTOR = YES;
				GCC_WARN_UNINITIALIZED_AUTOS = YES_AGGRESSIVE;
				GCC_WARN_UNUSED_FUNCTION = YES;
				GCC_WARN_UNUSED_VARIABLE = YES;
				IPHONEOS_DEPLOYMENT_TARGET = 11.2;
				MTL_ENABLE_DEBUG_INFO = YES;
				ONLY_ACTIVE_ARCH = YES;
				SDKROOT = iphoneos;
				SWIFT_ACTIVE_COMPILATION_CONDITIONS = DEBUG;
				SWIFT_OPTIMIZATION_LEVEL = "-Onone";
			};
			name = Debug;
		};
		AC001C2E20B055CB00E52BFB /* Release */ = {
			isa = XCBuildConfiguration;
			buildSettings = {
				ALWAYS_SEARCH_USER_PATHS = NO;
				CLANG_ANALYZER_NONNULL = YES;
				CLANG_ANALYZER_NUMBER_OBJECT_CONVERSION = YES_AGGRESSIVE;
				CLANG_CXX_LANGUAGE_STANDARD = "gnu++14";
				CLANG_CXX_LIBRARY = "libc++";
				CLANG_ENABLE_MODULES = YES;
				CLANG_ENABLE_OBJC_ARC = YES;
				CLANG_WARN_BLOCK_CAPTURE_AUTORELEASING = YES;
				CLANG_WARN_BOOL_CONVERSION = YES;
				CLANG_WARN_COMMA = YES;
				CLANG_WARN_CONSTANT_CONVERSION = YES;
				CLANG_WARN_DIRECT_OBJC_ISA_USAGE = YES_ERROR;
				CLANG_WARN_DOCUMENTATION_COMMENTS = YES;
				CLANG_WARN_EMPTY_BODY = YES;
				CLANG_WARN_ENUM_CONVERSION = YES;
				CLANG_WARN_INFINITE_RECURSION = YES;
				CLANG_WARN_INT_CONVERSION = YES;
				CLANG_WARN_NON_LITERAL_NULL_CONVERSION = YES;
				CLANG_WARN_OBJC_LITERAL_CONVERSION = YES;
				CLANG_WARN_OBJC_ROOT_CLASS = YES_ERROR;
				CLANG_WARN_RANGE_LOOP_ANALYSIS = YES;
				CLANG_WARN_STRICT_PROTOTYPES = YES;
				CLANG_WARN_SUSPICIOUS_MOVE = YES;
				CLANG_WARN_UNGUARDED_AVAILABILITY = YES_AGGRESSIVE;
				CLANG_WARN_UNREACHABLE_CODE = YES;
				CLANG_WARN__DUPLICATE_METHOD_MATCH = YES;
				CODE_SIGN_IDENTITY = "iPhone Developer";
				COPY_PHASE_STRIP = NO;
				DEBUG_INFORMATION_FORMAT = "dwarf-with-dsym";
				ENABLE_NS_ASSERTIONS = NO;
				ENABLE_STRICT_OBJC_MSGSEND = YES;
				GCC_C_LANGUAGE_STANDARD = gnu11;
				GCC_NO_COMMON_BLOCKS = YES;
				GCC_WARN_64_TO_32_BIT_CONVERSION = YES;
				GCC_WARN_ABOUT_RETURN_TYPE = YES_ERROR;
				GCC_WARN_UNDECLARED_SELECTOR = YES;
				GCC_WARN_UNINITIALIZED_AUTOS = YES_AGGRESSIVE;
				GCC_WARN_UNUSED_FUNCTION = YES;
				GCC_WARN_UNUSED_VARIABLE = YES;
				IPHONEOS_DEPLOYMENT_TARGET = 11.2;
				MTL_ENABLE_DEBUG_INFO = NO;
				SDKROOT = iphoneos;
				SWIFT_OPTIMIZATION_LEVEL = "-Owholemodule";
				VALIDATE_PRODUCT = YES;
			};
			name = Release;
		};
		AC001C3020B055CB00E52BFB /* Debug */ = {
			isa = XCBuildConfiguration;
			buildSettings = {
				ASSETCATALOG_COMPILER_APPICON_NAME = AppIcon;
				CODE_SIGN_STYLE = Automatic;
				INFOPLIST_FILE = ScrollViewZib/Info.plist;
				LD_RUNPATH_SEARCH_PATHS = "$(inherited) @executable_path/Frameworks";
				PRODUCT_BUNDLE_IDENTIFIER = br.com.fiap.ScrollViewZib;
				PRODUCT_NAME = "$(TARGET_NAME)";
				SWIFT_VERSION = 4.0;
				TARGETED_DEVICE_FAMILY = "1,2";
			};
			name = Debug;
		};
		AC001C3120B055CB00E52BFB /* Release */ = {
			isa = XCBuildConfiguration;
			buildSettings = {
				ASSETCATALOG_COMPILER_APPICON_NAME = AppIcon;
				CODE_SIGN_STYLE = Automatic;
				INFOPLIST_FILE = ScrollViewZib/Info.plist;
				LD_RUNPATH_SEARCH_PATHS = "$(inherited) @executable_path/Frameworks";
				PRODUCT_BUNDLE_IDENTIFIER = br.com.fiap.ScrollViewZib;
				PRODUCT_NAME = "$(TARGET_NAME)";
				SWIFT_VERSION = 4.0;
				TARGETED_DEVICE_FAMILY = "1,2";
			};
			name = Release;
		};
/* End XCBuildConfiguration section */

/* Begin XCConfigurationList section */
		AC001C1820B055CB00E52BFB /* Build configuration list for PBXProject "ScrollViewZib" */ = {
			isa = XCConfigurationList;
			buildConfigurations = (
				AC001C2D20B055CB00E52BFB /* Debug */,
				AC001C2E20B055CB00E52BFB /* Release */,
			);
			defaultConfigurationIsVisible = 0;
			defaultConfigurationName = Release;
		};
		AC001C2F20B055CB00E52BFB /* Build configuration list for PBXNativeTarget "ScrollViewZib" */ = {
			isa = XCConfigurationList;
			buildConfigurations = (
				AC001C3020B055CB00E52BFB /* Debug */,
				AC001C3120B055CB00E52BFB /* Release */,
			);
			defaultConfigurationIsVisible = 0;
			defaultConfigurationName = Release;
		};
/* End XCConfigurationList section */
	};
	rootObject = AC001C1520B055CB00E52BFB /* Project object */;
}
